
Microsoft Visual Studio Solution File, Format Version 12.00
# Visual Studio Version 17
VisualStudioVersion = 17.0.31903.59
MinimumVisualStudioVersion = 10.0.40219.1
Project("{FAE04EC0-301F-11D3-BF4B-00C04F79EFBC}") = "CovenantCouncil", "CovenantCouncil\CovenantCouncil.csproj", "{B5390C6F-033B-42E8-B61B-13381FB0FBBF}"
EndProject
Project("{FAE04EC0-301F-11D3-BF4B-00C04F79EFBC}") = "CovenantCouncil.Tests", "CovenantCouncil.Tests\CovenantCouncil.Tests.csproj", "{EEAEF9AB-B98E-4441-A471-272B74163269}"
EndProject
Global
	GlobalSection(SolutionConfigurationPlatforms) = preSolution
		Debug|Any CPU = Debug|Any CPU
		Release|Any CPU = Release|Any CPU
	EndGlobalSection
	GlobalSection(ProjectConfigurationPlatforms) = postSolution
		{B5390C6F-033B-42E8-B61B-13381FB0FBBF}.Debug|Any CPU.ActiveCfg = Debug|Any CPU
		{B5390C6F-033B-42E8-B61B-13381FB0FBBF}.Debug|Any CPU.Build.0 = Debug|Any CPU
		{B5390C6F-033B-42E8-B61B-13381FB0FBBF}.Release|Any CPU.ActiveCfg = Release|Any CPU
		{B5390C6F-033B-42E8-B61B-13381FB0FBBF}.Release|Any CPU.Build.0 = Release|Any CPU
		{EEAEF9AB-B98E-4441-A471-272B74163269}.Debug|Any CPU.ActiveCfg = Debug|Any CPU
		{EEAEF9AB-B98E-4441-A471-272B74163269}.Debug|Any CPU.Build.0 = Debug|Any CPU
		{EEAEF9AB-B98E-4441-A471-272B74163269}.Release|Any CPU.ActiveCfg = Release|Any CPU
		{EEAEF9AB-B98E-4441-A471-272B74163269}.Release|Any CPU.Build.0 = Release|Any CPU
	EndGlobalSection
	GlobalSection(SolutionProperties) = preSolution
		HideSolutionNode = FALSE
	EndGlobalSection
	GlobalSection(ExtensibilityGlobals) = postSolution
		SolutionGuid = {590C3DC0-9AC1-4DD5-B665-2A40CD933192}
	EndGlobalSection
EndGlobal
